
Microsoft Visual Studio Solution File, Format Version 12.00
# Visual Studio Version 17
VisualStudioVersion = 17.14.36109.1
MinimumVisualStudioVersion = 10.0.40219.1
Project("{FAE04EC0-301F-11D3-BF4B-00C04F79EFBC}") = "KuraVet.Api", "KuraVet.Api\KuraVet.Api.csproj", "{F33B7D80-3CFE-4687-AFC4-09ADDD8FD61C}"
EndProject
Global
	GlobalSection(SolutionConfigurationPlatforms) = preSolution
		Debug|Any CPU = Debug|Any CPU
		Release|Any CPU = Release|Any CPU
	EndGlobalSection
	GlobalSection(ProjectConfigurationPlatforms) = postSolution
		{F33B7D80-3CFE-4687-AFC4-09ADDD8FD61C}.Debug|Any CPU.ActiveCfg = Debug|Any CPU
		{F33B7D80-3CFE-4687-AFC4-09ADDD8FD61C}.Debug|Any CPU.Build.0 = Debug|Any CPU
		{F33B7D80-3CFE-4687-AFC4-09ADDD8FD61C}.Release|Any CPU.ActiveCfg = Release|Any CPU
		{F33B7D80-3CFE-4687-AFC4-09ADDD8FD61C}.Release|Any CPU.Build.0 = Release|Any CPU
	EndGlobalSection
	GlobalSection(SolutionProperties) = preSolution
		HideSolutionNode = FALSE
	EndGlobalSection
	GlobalSection(ExtensibilityGlobals) = postSolution
		SolutionGuid = {6CEC5E46-B724-4FF8-BBE1-F2C2284D7CB2}
	EndGlobalSection
EndGlobal
